// !$*UTF8*$!
{
	archiveVersion = 1;
	classes = {
	};
	objectVersion = 56;
	objects = {

/* Begin PBXBuildFile section */
		718F5AF22AB9B22900E51554 /* AppDelegate.swift in Sources */ = {isa = PBXBuildFile; fileRef = 718F5AF12AB9B22900E51554 /* AppDelegate.swift */; };
		718F5AF42AB9B22900E51554 /* SceneDelegate.swift in Sources */ = {isa = PBXBuildFile; fileRef = 718F5AF32AB9B22900E51554 /* SceneDelegate.swift */; };
		718F5AF62AB9B22900E51554 /* HomeViewController.swift in Sources */ = {isa = PBXBuildFile; fileRef = 718F5AF52AB9B22900E51554 /* HomeViewController.swift */; };
		718F5AF92AB9B22900E51554 /* Main.storyboard in Resources */ = {isa = PBXBuildFile; fileRef = 718F5AF72AB9B22900E51554 /* Main.storyboard */; };
		718F5AFB2AB9B22B00E51554 /* Assets.xcassets in Resources */ = {isa = PBXBuildFile; fileRef = 718F5AFA2AB9B22B00E51554 /* Assets.xcassets */; };
		718F5AFE2AB9B22B00E51554 /* LaunchScreen.storyboard in Resources */ = {isa = PBXBuildFile; fileRef = 718F5AFC2AB9B22B00E51554 /* LaunchScreen.storyboard */; };
		718F5B1B2AB9B5D800E51554 /* DetailsViewController.swift in Sources */ = {isa = PBXBuildFile; fileRef = 718F5B1A2AB9B5D800E51554 /* DetailsViewController.swift */; };
		718F5B1D2AB9B5F900E51554 /* SaveViewController.swift in Sources */ = {isa = PBXBuildFile; fileRef = 718F5B1C2AB9B5F900E51554 /* SaveViewController.swift */; };
		718F5B1F2AB9B61200E51554 /* NotesEntity.swift in Sources */ = {isa = PBXBuildFile; fileRef = 718F5B1E2AB9B61200E51554 /* NotesEntity.swift */; };
		718F5B222AB9B6CD00E51554 /* FirebaseAuth in Frameworks */ = {isa = PBXBuildFile; productRef = 718F5B212AB9B6CD00E51554 /* FirebaseAuth */; };
		718F5B242AB9B6CD00E51554 /* FirebaseDatabase in Frameworks */ = {isa = PBXBuildFile; productRef = 718F5B232AB9B6CD00E51554 /* FirebaseDatabase */; };
		718F5B262AB9B6CD00E51554 /* FirebaseDatabaseSwift in Frameworks */ = {isa = PBXBuildFile; productRef = 718F5B252AB9B6CD00E51554 /* FirebaseDatabaseSwift */; };
		718F5B282AB9B6CD00E51554 /* FirebaseFirestore in Frameworks */ = {isa = PBXBuildFile; productRef = 718F5B272AB9B6CD00E51554 /* FirebaseFirestore */; };
		718F5B2D2AB9BD7300E51554 /* TableViewCell.swift in Sources */ = {isa = PBXBuildFile; fileRef = 718F5B2C2AB9BD7300E51554 /* TableViewCell.swift */; };
		718F5B2F2AB9BFF800E51554 /* GoogleService-Info.plist in Resources */ = {isa = PBXBuildFile; fileRef = 718F5B2E2AB9BFF800E51554 /* GoogleService-Info.plist */; };
		718F5B312AB9D14C00E51554 /* AlertEntity.swift in Sources */ = {isa = PBXBuildFile; fileRef = 718F5B302AB9D14C00E51554 /* AlertEntity.swift */; };
/* End PBXBuildFile section */

/* Begin PBXFileReference section */
		718F5AEE2AB9B22900E51554 /* Notes.app */ = {isa = PBXFileReference; explicitFileType = wrapper.application; includeInIndex = 0; path = Notes.app; sourceTree = BUILT_PRODUCTS_DIR; };
		718F5AF12AB9B22900E51554 /* AppDelegate.swift */ = {isa = PBXFileReference; lastKnownFileType = sourcecode.swift; path = AppDelegate.swift; sourceTree = "<group>"; };
		718F5AF32AB9B22900E51554 /* SceneDelegate.swift */ = {isa = PBXFileReference; lastKnownFileType = sourcecode.swift; path = SceneDelegate.swift; sourceTree = "<group>"; };
		718F5AF52AB9B22900E51554 /* HomeViewController.swift */ = {isa = PBXFileReference; lastKnownFileType = sourcecode.swift; path = HomeViewController.swift; sourceTree = "<group>"; };
		718F5AF82AB9B22900E51554 /* Base */ = {isa = PBXFileReference; lastKnownFileType = file.storyboard; name = Base; path = Base.lproj/Main.storyboard; sourceTree = "<group>"; };
		718F5AFA2AB9B22B00E51554 /* Assets.xcassets */ = {isa = PBXFileReference; lastKnownFileType = folder.assetcatalog; path = Assets.xcassets; sourceTree = "<group>"; };
		718F5AFD2AB9B22B00E51554 /* Base */ = {isa = PBXFileReference; lastKnownFileType = file.storyboard; name = Base; path = Base.lproj/LaunchScreen.storyboard; sourceTree = "<group>"; };
		718F5AFF2AB9B22B00E51554 /* Info.plist */ = {isa = PBXFileReference; lastKnownFileType = text.plist.xml; path = Info.plist; sourceTree = "<group>"; };
		718F5B1A2AB9B5D800E51554 /* DetailsViewController.swift */ = {isa = PBXFileReference; lastKnownFileType = sourcecode.swift; path = DetailsViewController.swift; sourceTree = "<group>"; };
		718F5B1C2AB9B5F900E51554 /* SaveViewController.swift */ = {isa = PBXFileReference; lastKnownFileType = sourcecode.swift; path = SaveViewController.swift; sourceTree = "<group>"; };
		718F5B1E2AB9B61200E51554 /* NotesEntity.swift */ = {isa = PBXFileReference; lastKnownFileType = sourcecode.swift; path = NotesEntity.swift; sourceTree = "<group>"; };
		718F5B2C2AB9BD7300E51554 /* TableViewCell.swift */ = {isa = PBXFileReference; lastKnownFileType = sourcecode.swift; path = TableViewCell.swift; sourceTree = "<group>"; };
		718F5B2E2AB9BFF800E51554 /* GoogleService-Info.plist */ = {isa = PBXFileReference; fileEncoding = 4; lastKnownFileType = text.plist.xml; name = "GoogleService-Info.plist"; path = "../../../GoogleService-Info.plist"; sourceTree = "<group>"; };
		718F5B302AB9D14C00E51554 /* AlertEntity.swift */ = {isa = PBXFileReference; lastKnownFileType = sourcecode.swift; path = AlertEntity.swift; sourceTree = "<group>"; };
/* End PBXFileReference section */

/* Begin PBXFrameworksBuildPhase section */
		718F5AEB2AB9B22900E51554 /* Frameworks */ = {
			isa = PBXFrameworksBuildPhase;
			buildActionMask = 2147483647;
			files = (
				718F5B262AB9B6CD00E51554 /* FirebaseDatabaseSwift in Frameworks */,
				718F5B282AB9B6CD00E51554 /* FirebaseFirestore in Frameworks */,
				718F5B242AB9B6CD00E51554 /* FirebaseDatabase in Frameworks */,
				718F5B222AB9B6CD00E51554 /* FirebaseAuth in Frameworks */,
			);
			runOnlyForDeploymentPostprocessing = 0;
		};
/* End PBXFrameworksBuildPhase section */

/* Begin PBXGroup section */
		718F5AE52AB9B22900E51554 = {
			isa = PBXGroup;
			children = (
				718F5B2A2AB9B74900E51554 /* Delegates */,
				718F5AF02AB9B22900E51554 /* Notes */,
				718F5AEF2AB9B22900E51554 /* Products */,
			);
			sourceTree = "<group>";
		};
		718F5AEF2AB9B22900E51554 /* Products */ = {
			isa = PBXGroup;
			children = (
				718F5AEE2AB9B22900E51554 /* Notes.app */,
			);
			name = Products;
			sourceTree = "<group>";
		};
		718F5AF02AB9B22900E51554 /* Notes */ = {
			isa = PBXGroup;
			children = (
				718F5B2B2AB9B76500E51554 /* Images */,
				718F5B292AB9B72B00E51554 /* StoryBoard */,
				718F5B0E2AB9B45A00E51554 /* Entity */,
				718F5B072AB9B3DF00E51554 /* Notes_Save */,
				718F5B062AB9B3D600E51554 /* Notes_Home */,
				718F5B082AB9B3FE00E51554 /* Notes_Details */,
				718F5AFF2AB9B22B00E51554 /* Info.plist */,
				718F5B2E2AB9BFF800E51554 /* GoogleService-Info.plist */,
			);
			path = Notes;
			sourceTree = "<group>";
		};
		718F5B062AB9B3D600E51554 /* Notes_Home */ = {
			isa = PBXGroup;
			children = (
				718F5B192AB9B4EB00E51554 /* TablewViewCell */,
				718F5B132AB9B4A500E51554 /* Router */,
				718F5B122AB9B49600E51554 /* Protocols */,
				718F5B112AB9B49000E51554 /* Presenter */,
				718F5B102AB9B48700E51554 /* Inspector */,
				718F5B0F2AB9B48300E51554 /* View */,
			);
			path = Notes_Home;
			sourceTree = "<group>";
		};
		718F5B072AB9B3DF00E51554 /* Notes_Save */ = {
			isa = PBXGroup;
			children = (
				718F5B0D2AB9B44800E51554 /* Router */,
				718F5B0C2AB9B43F00E51554 /* Protocols */,
				718F5B0B2AB9B43900E51554 /* Presenter */,
				718F5B0A2AB9B43000E51554 /* Inspector */,
				718F5B092AB9B42800E51554 /* View */,
			);
			path = Notes_Save;
			sourceTree = "<group>";
		};
		718F5B082AB9B3FE00E51554 /* Notes_Details */ = {
			isa = PBXGroup;
			children = (
				718F5B182AB9B4C300E51554 /* Router */,
				718F5B172AB9B4BE00E51554 /* Protocols */,
				718F5B162AB9B4B900E51554 /* Presenter */,
				718F5B152AB9B4B100E51554 /* Inspector */,
				718F5B142AB9B4AD00E51554 /* View */,
			);
			path = Notes_Details;
			sourceTree = "<group>";
		};
		718F5B092AB9B42800E51554 /* View */ = {
			isa = PBXGroup;
			children = (
				718F5B1C2AB9B5F900E51554 /* SaveViewController.swift */,
			);
			path = View;
			sourceTree = "<group>";
		};
		718F5B0A2AB9B43000E51554 /* Inspector */ = {
			isa = PBXGroup;
			children = (
			);
			path = Inspector;
			sourceTree = "<group>";
		};
		718F5B0B2AB9B43900E51554 /* Presenter */ = {
			isa = PBXGroup;
			children = (
			);
			path = Presenter;
			sourceTree = "<group>";
		};
		718F5B0C2AB9B43F00E51554 /* Protocols */ = {
			isa = PBXGroup;
			children = (
			);
			path = Protocols;
			sourceTree = "<group>";
		};
		718F5B0D2AB9B44800E51554 /* Router */ = {
			isa = PBXGroup;
			children = (
			);
			path = Router;
			sourceTree = "<group>";
		};
		718F5B0E2AB9B45A00E51554 /* Entity */ = {
			isa = PBXGroup;
			children = (
				718F5B1E2AB9B61200E51554 /* NotesEntity.swift */,
				718F5B302AB9D14C00E51554 /* AlertEntity.swift */,
			);
			path = Entity;
			sourceTree = "<group>";
		};
		718F5B0F2AB9B48300E51554 /* View */ = {
			isa = PBXGroup;
			children = (
				718F5AF52AB9B22900E51554 /* HomeViewController.swift */,
			);
			path = View;
			sourceTree = "<group>";
		};
		718F5B102AB9B48700E51554 /* Inspector */ = {
			isa = PBXGroup;
			children = (
			);
			path = Inspector;
			sourceTree = "<group>";
		};
		718F5B112AB9B49000E51554 /* Presenter */ = {
			isa = PBXGroup;
			children = (
			);
			path = Presenter;
			sourceTree = "<group>";
		};
		718F5B122AB9B49600E51554 /* Protocols */ = {
			isa = PBXGroup;
			children = (
			);
			path = Protocols;
			sourceTree = "<group>";
		};
		718F5B132AB9B4A500E51554 /* Router */ = {
			isa = PBXGroup;
			children = (
			);
			path = Router;
			sourceTree = "<group>";
		};
		718F5B142AB9B4AD00E51554 /* View */ = {
			isa = PBXGroup;
			children = (
				718F5B1A2AB9B5D800E51554 /* DetailsViewController.swift */,
			);
			path = View;
			sourceTree = "<group>";
		};
		718F5B152AB9B4B100E51554 /* Inspector */ = {
			isa = PBXGroup;
			children = (
			);
			path = Inspector;
			sourceTree = "<group>";
		};
		718F5B162AB9B4B900E51554 /* Presenter */ = {
			isa = PBXGroup;
			children = (
			);
			path = Presenter;
			sourceTree = "<group>";
		};
		718F5B172AB9B4BE00E51554 /* Protocols */ = {
			isa = PBXGroup;
			children = (
			);
			path = Protocols;
			sourceTree = "<group>";
		};
		718F5B182AB9B4C300E51554 /* Router */ = {
			isa = PBXGroup;
			children = (
			);
			path = Router;
			sourceTree = "<group>";
		};
		718F5B192AB9B4EB00E51554 /* TablewViewCell */ = {
			isa = PBXGroup;
			children = (
				718F5B2C2AB9BD7300E51554 /* TableViewCell.swift */,
			);
			path = TablewViewCell;
			sourceTree = "<group>";
		};
		718F5B292AB9B72B00E51554 /* StoryBoard */ = {
			isa = PBXGroup;
			children = (
				718F5AFC2AB9B22B00E51554 /* LaunchScreen.storyboard */,
				718F5AF72AB9B22900E51554 /* Main.storyboard */,
			);
			path = StoryBoard;
			sourceTree = "<group>";
		};
		718F5B2A2AB9B74900E51554 /* Delegates */ = {
			isa = PBXGroup;
			children = (
				718F5AF32AB9B22900E51554 /* SceneDelegate.swift */,
				718F5AF12AB9B22900E51554 /* AppDelegate.swift */,
			);
			path = Delegates;
			sourceTree = "<group>";
		};
		718F5B2B2AB9B76500E51554 /* Images */ = {
			isa = PBXGroup;
			children = (
				718F5AFA2AB9B22B00E51554 /* Assets.xcassets */,
			);
			path = Images;
			sourceTree = "<group>";
		};
/* End PBXGroup section */

/* Begin PBXNativeTarget section */
		718F5AED2AB9B22900E51554 /* Notes */ = {
			isa = PBXNativeTarget;
			buildConfigurationList = 718F5B022AB9B22B00E51554 /* Build configuration list for PBXNativeTarget "Notes" */;
			buildPhases = (
				718F5AEA2AB9B22900E51554 /* Sources */,
				718F5AEB2AB9B22900E51554 /* Frameworks */,
				718F5AEC2AB9B22900E51554 /* Resources */,
			);
			buildRules = (
			);
			dependencies = (
			);
			name = Notes;
			packageProductDependencies = (
				718F5B212AB9B6CD00E51554 /* FirebaseAuth */,
				718F5B232AB9B6CD00E51554 /* FirebaseDatabase */,
				718F5B252AB9B6CD00E51554 /* FirebaseDatabaseSwift */,
				718F5B272AB9B6CD00E51554 /* FirebaseFirestore */,
			);
			productName = Notes;
			productReference = 718F5AEE2AB9B22900E51554 /* Notes.app */;
			productType = "com.apple.product-type.application";
		};
/* End PBXNativeTarget section */

/* Begin PBXProject section */
		718F5AE62AB9B22900E51554 /* Project object */ = {
			isa = PBXProject;
			attributes = {
				BuildIndependentTargetsInParallel = 1;
				LastSwiftUpdateCheck = 1420;
				LastUpgradeCheck = 1420;
				TargetAttributes = {
					718F5AED2AB9B22900E51554 = {
						CreatedOnToolsVersion = 14.2;
					};
				};
			};
			buildConfigurationList = 718F5AE92AB9B22900E51554 /* Build configuration list for PBXProject "Notes" */;
			compatibilityVersion = "Xcode 14.0";
			developmentRegion = en;
			hasScannedForEncodings = 0;
			knownRegions = (
				en,
				Base,
			);
			mainGroup = 718F5AE52AB9B22900E51554;
			packageReferences = (
				718F5B202AB9B6CD00E51554 /* XCRemoteSwiftPackageReference "firebase-ios-sdk" */,
			);
			productRefGroup = 718F5AEF2AB9B22900E51554 /* Products */;
			projectDirPath = "";
			projectRoot = "";
			targets = (
				718F5AED2AB9B22900E51554 /* Notes */,
			);
		};
/* End PBXProject section */

/* Begin PBXResourcesBuildPhase section */
		718F5AEC2AB9B22900E51554 /* Resources */ = {
			isa = PBXResourcesBuildPhase;
			buildActionMask = 2147483647;
			files = (
				718F5AFE2AB9B22B00E51554 /* LaunchScreen.storyboard in Resources */,
				718F5B2F2AB9BFF800E51554 /* GoogleService-Info.plist in Resources */,
				718F5AFB2AB9B22B00E51554 /* Assets.xcassets in Resources */,
				718F5AF92AB9B22900E51554 /* Main.storyboard in Resources */,
			);
			runOnlyForDeploymentPostprocessing = 0;
		};
/* End PBXResourcesBuildPhase section */

/* Begin PBXSourcesBuildPhase section */
		718F5AEA2AB9B22900E51554 /* Sources */ = {
			isa = PBXSourcesBuildPhase;
			buildActionMask = 2147483647;
			files = (
				718F5AF62AB9B22900E51554 /* HomeViewController.swift in Sources */,
				718F5B312AB9D14C00E51554 /* AlertEntity.swift in Sources */,
				718F5B1D2AB9B5F900E51554 /* SaveViewController.swift in Sources */,
				718F5AF22AB9B22900E51554 /* AppDelegate.swift in Sources */,
				718F5AF42AB9B22900E51554 /* SceneDelegate.swift in Sources */,
				718F5B1F2AB9B61200E51554 /* NotesEntity.swift in Sources */,
				718F5B2D2AB9BD7300E51554 /* TableViewCell.swift in Sources */,
				718F5B1B2AB9B5D800E51554 /* DetailsViewController.swift in Sources */,
			);
			runOnlyForDeploymentPostprocessing = 0;
		};
/* End PBXSourcesBuildPhase section */

/* Begin PBXVariantGroup section */
		718F5AF72AB9B22900E51554 /* Main.storyboard */ = {
			isa = PBXVariantGroup;
			children = (
				718F5AF82AB9B22900E51554 /* Base */,
			);
			name = Main.storyboard;
			sourceTree = "<group>";
		};
		718F5AFC2AB9B22B00E51554 /* LaunchScreen.storyboard */ = {
			isa = PBXVariantGroup;
			children = (
				718F5AFD2AB9B22B00E51554 /* Base */,
			);
			name = LaunchScreen.storyboard;
			sourceTree = "<group>";
		};
/* End PBXVariantGroup section */

/* Begin XCBuildConfiguration section */
		718F5B002AB9B22B00E51554 /* Debug */ = {
			isa = XCBuildConfiguration;
			buildSettings = {
				ALWAYS_SEARCH_USER_PATHS = NO;
				CLANG_ANALYZER_NONNULL = YES;
				CLANG_ANALYZER_NUMBER_OBJECT_CONVERSION = YES_AGGRESSIVE;
				CLANG_CXX_LANGUAGE_STANDARD = "gnu++20";
				CLANG_ENABLE_MODULES = YES;
				CLANG_ENABLE_OBJC_ARC = YES;
				CLANG_ENABLE_OBJC_WEAK = YES;
				CLANG_WARN_BLOCK_CAPTURE_AUTORELEASING = YES;
				CLANG_WARN_BOOL_CONVERSION = YES;
				CLANG_WARN_COMMA = YES;
				CLANG_WARN_CONSTANT_CONVERSION = YES;
				CLANG_WARN_DEPRECATED_OBJC_IMPLEMENTATIONS = YES;
				CLANG_WARN_DIRECT_OBJC_ISA_USAGE = YES_ERROR;
				CLANG_WARN_DOCUMENTATION_COMMENTS = YES;
				CLANG_WARN_EMPTY_BODY = YES;
				CLANG_WARN_ENUM_CONVERSION = YES;
				CLANG_WARN_INFINITE_RECURSION = YES;
				CLANG_WARN_INT_CONVERSION = YES;
				CLANG_WARN_NON_LITERAL_NULL_CONVERSION = YES;
				CLANG_WARN_OBJC_IMPLICIT_RETAIN_SELF = YES;
				CLANG_WARN_OBJC_LITERAL_CONVERSION = YES;
				CLANG_WARN_OBJC_ROOT_CLASS = YES_ERROR;
				CLANG_WARN_QUOTED_INCLUDE_IN_FRAMEWORK_HEADER = YES;
				CLANG_WARN_RANGE_LOOP_ANALYSIS = YES;
				CLANG_WARN_STRICT_PROTOTYPES = YES;
				CLANG_WARN_SUSPICIOUS_MOVE = YES;
				CLANG_WARN_UNGUARDED_AVAILABILITY = YES_AGGRESSIVE;
				CLANG_WARN_UNREACHABLE_CODE = YES;
				CLANG_WARN__DUPLICATE_METHOD_MATCH = YES;
				COPY_PHASE_STRIP = NO;
				DEBUG_INFORMATION_FORMAT = dwarf;
				ENABLE_STRICT_OBJC_MSGSEND = YES;
				ENABLE_TESTABILITY = YES;
				GCC_C_LANGUAGE_STANDARD = gnu11;
				GCC_DYNAMIC_NO_PIC = NO;
				GCC_NO_COMMON_BLOCKS = YES;
				GCC_OPTIMIZATION_LEVEL = 0;
				GCC_PREPROCESSOR_DEFINITIONS = (
					"DEBUG=1",
					"$(inherited)",
				);
				GCC_WARN_64_TO_32_BIT_CONVERSION = YES;
				GCC_WARN_ABOUT_RETURN_TYPE = YES_ERROR;
				GCC_WARN_UNDECLARED_SELECTOR = YES;
				GCC_WARN_UNINITIALIZED_AUTOS = YES_AGGRESSIVE;
				GCC_WARN_UNUSED_FUNCTION = YES;
				GCC_WARN_UNUSED_VARIABLE = YES;
				IPHONEOS_DEPLOYMENT_TARGET = 16.2;
				MTL_ENABLE_DEBUG_INFO = INCLUDE_SOURCE;
				MTL_FAST_MATH = YES;
				ONLY_ACTIVE_ARCH = YES;
				SDKROOT = iphoneos;
				SWIFT_ACTIVE_COMPILATION_CONDITIONS = DEBUG;
				SWIFT_OPTIMIZATION_LEVEL = "-Onone";
			};
			name = Debug;
		};
		718F5B012AB9B22B00E51554 /* Release */ = {
			isa = XCBuildConfiguration;
			buildSettings = {
				ALWAYS_SEARCH_USER_PATHS = NO;
				CLANG_ANALYZER_NONNULL = YES;
				CLANG_ANALYZER_NUMBER_OBJECT_CONVERSION = YES_AGGRESSIVE;
				CLANG_CXX_LANGUAGE_STANDARD = "gnu++20";
				CLANG_ENABLE_MODULES = YES;
				CLANG_ENABLE_OBJC_ARC = YES;
				CLANG_ENABLE_OBJC_WEAK = YES;
				CLANG_WARN_BLOCK_CAPTURE_AUTORELEASING = YES;
				CLANG_WARN_BOOL_CONVERSION = YES;
				CLANG_WARN_COMMA = YES;
				CLANG_WARN_CONSTANT_CONVERSION = YES;
				CLANG_WARN_DEPRECATED_OBJC_IMPLEMENTATIONS = YES;
				CLANG_WARN_DIRECT_OBJC_ISA_USAGE = YES_ERROR;
				CLANG_WARN_DOCUMENTATION_COMMENTS = YES;
				CLANG_WARN_EMPTY_BODY = YES;
				CLANG_WARN_ENUM_CONVERSION = YES;
				CLANG_WARN_INFINITE_RECURSION = YES;
				CLANG_WARN_INT_CONVERSION = YES;
				CLANG_WARN_NON_LITERAL_NULL_CONVERSION = YES;
				CLANG_WARN_OBJC_IMPLICIT_RETAIN_SELF = YES;
				CLANG_WARN_OBJC_LITERAL_CONVERSION = YES;
				CLANG_WARN_OBJC_ROOT_CLASS = YES_ERROR;
				CLANG_WARN_QUOTED_INCLUDE_IN_FRAMEWORK_HEADER = YES;
				CLANG_WARN_RANGE_LOOP_ANALYSIS = YES;
				CLANG_WARN_STRICT_PROTOTYPES = YES;
				CLANG_WARN_SUSPICIOUS_MOVE = YES;
				CLANG_WARN_UNGUARDED_AVAILABILITY = YES_AGGRESSIVE;
				CLANG_WARN_UNREACHABLE_CODE = YES;
				CLANG_WARN__DUPLICATE_METHOD_MATCH = YES;
				COPY_PHASE_STRIP = NO;
				DEBUG_INFORMATION_FORMAT = "dwarf-with-dsym";
				ENABLE_NS_ASSERTIONS = NO;
				ENABLE_STRICT_OBJC_MSGSEND = YES;
				GCC_C_LANGUAGE_STANDARD = gnu11;
				GCC_NO_COMMON_BLOCKS = YES;
				GCC_WARN_64_TO_32_BIT_CONVERSION = YES;
				GCC_WARN_ABOUT_RETURN_TYPE = YES_ERROR;
				GCC_WARN_UNDECLARED_SELECTOR = YES;
				GCC_WARN_UNINITIALIZED_AUTOS = YES_AGGRESSIVE;
				GCC_WARN_UNUSED_FUNCTION = YES;
				GCC_WARN_UNUSED_VARIABLE = YES;
				IPHONEOS_DEPLOYMENT_TARGET = 16.2;
				MTL_ENABLE_DEBUG_INFO = NO;
				MTL_FAST_MATH = YES;
				SDKROOT = iphoneos;
				SWIFT_COMPILATION_MODE = wholemodule;
				SWIFT_OPTIMIZATION_LEVEL = "-O";
				VALIDATE_PRODUCT = YES;
			};
			name = Release;
		};
		718F5B032AB9B22B00E51554 /* Debug */ = {
			isa = XCBuildConfiguration;
			buildSettings = {
				ASSETCATALOG_COMPILER_APPICON_NAME = AppIcon;
				ASSETCATALOG_COMPILER_GLOBAL_ACCENT_COLOR_NAME = AccentColor;
				CODE_SIGN_STYLE = Automatic;
				CURRENT_PROJECT_VERSION = 1;
				DEVELOPMENT_TEAM = 4P26N9HV6K;
				GENERATE_INFOPLIST_FILE = YES;
				INFOPLIST_FILE = Notes/Info.plist;
				INFOPLIST_KEY_UIApplicationSupportsIndirectInputEvents = YES;
				INFOPLIST_KEY_UILaunchStoryboardName = LaunchScreen;
				INFOPLIST_KEY_UIMainStoryboardFile = Main;
				INFOPLIST_KEY_UISupportedInterfaceOrientations_iPad = "UIInterfaceOrientationPortrait UIInterfaceOrientationPortraitUpsideDown UIInterfaceOrientationLandscapeLeft UIInterfaceOrientationLandscapeRight";
				INFOPLIST_KEY_UISupportedInterfaceOrientations_iPhone = "UIInterfaceOrientationPortrait UIInterfaceOrientationLandscapeLeft UIInterfaceOrientationLandscapeRight";
				LD_RUNPATH_SEARCH_PATHS = (
					"$(inherited)",
					"@executable_path/Frameworks",
				);
				MARKETING_VERSION = 1.0;
				PRODUCT_BUNDLE_IDENTIFIER = com.pelinaybar.Notes;
				PRODUCT_NAME = "$(TARGET_NAME)";
				SWIFT_EMIT_LOC_STRINGS = YES;
				SWIFT_VERSION = 5.0;
				TARGETED_DEVICE_FAMILY = "1,2";
			};
			name = Debug;
		};
		718F5B042AB9B22B00E51554 /* Release */ = {
			isa = XCBuildConfiguration;
			buildSettings = {
				ASSETCATALOG_COMPILER_APPICON_NAME = AppIcon;
				ASSETCATALOG_COMPILER_GLOBAL_ACCENT_COLOR_NAME = AccentColor;
				CODE_SIGN_STYLE = Automatic;
				CURRENT_PROJECT_VERSION = 1;
				DEVELOPMENT_TEAM = 4P26N9HV6K;
				GENERATE_INFOPLIST_FILE = YES;
				INFOPLIST_FILE = Notes/Info.plist;
				INFOPLIST_KEY_UIApplicationSupportsIndirectInputEvents = YES;
				INFOPLIST_KEY_UILaunchStoryboardName = LaunchScreen;
				INFOPLIST_KEY_UIMainStoryboardFile = Main;
				INFOPLIST_KEY_UISupportedInterfaceOrientations_iPad = "UIInterfaceOrientationPortrait UIInterfaceOrientationPortraitUpsideDown UIInterfaceOrientationLandscapeLeft UIInterfaceOrientationLandscapeRight";
				INFOPLIST_KEY_UISupportedInterfaceOrientations_iPhone = "UIInterfaceOrientationPortrait UIInterfaceOrientationLandscapeLeft UIInterfaceOrientationLandscapeRight";
				LD_RUNPATH_SEARCH_PATHS = (
					"$(inherited)",
					"@executable_path/Frameworks",
				);
				MARKETING_VERSION = 1.0;
				PRODUCT_BUNDLE_IDENTIFIER = com.pelinaybar.Notes;
				PRODUCT_NAME = "$(TARGET_NAME)";
				SWIFT_EMIT_LOC_STRINGS = YES;
				SWIFT_VERSION = 5.0;
				TARGETED_DEVICE_FAMILY = "1,2";
			};
			name = Release;
		};
/* End XCBuildConfiguration section */

/* Begin XCConfigurationList section */
		718F5AE92AB9B22900E51554 /* Build configuration list for PBXProject "Notes" */ = {
			isa = XCConfigurationList;
			buildConfigurations = (
				718F5B002AB9B22B00E51554 /* Debug */,
				718F5B012AB9B22B00E51554 /* Release */,
			);
			defaultConfigurationIsVisible = 0;
			defaultConfigurationName = Release;
		};
		718F5B022AB9B22B00E51554 /* Build configuration list for PBXNativeTarget "Notes" */ = {
			isa = XCConfigurationList;
			buildConfigurations = (
				718F5B032AB9B22B00E51554 /* Debug */,
				718F5B042AB9B22B00E51554 /* Release */,
			);
			defaultConfigurationIsVisible = 0;
			defaultConfigurationName = Release;
		};
/* End XCConfigurationList section */

/* Begin XCRemoteSwiftPackageReference section */
		718F5B202AB9B6CD00E51554 /* XCRemoteSwiftPackageReference "firebase-ios-sdk" */ = {
			isa = XCRemoteSwiftPackageReference;
			repositoryURL = "https://github.com/firebase/firebase-ios-sdk";
			requirement = {
				branch = master;
				kind = branch;
			};
		};
/* End XCRemoteSwiftPackageReference section */

/* Begin XCSwiftPackageProductDependency section */
		718F5B212AB9B6CD00E51554 /* FirebaseAuth */ = {
			isa = XCSwiftPackageProductDependency;
			package = 718F5B202AB9B6CD00E51554 /* XCRemoteSwiftPackageReference "firebase-ios-sdk" */;
			productName = FirebaseAuth;
		};
		718F5B232AB9B6CD00E51554 /* FirebaseDatabase */ = {
			isa = XCSwiftPackageProductDependency;
			package = 718F5B202AB9B6CD00E51554 /* XCRemoteSwiftPackageReference "firebase-ios-sdk" */;
			productName = FirebaseDatabase;
		};
		718F5B252AB9B6CD00E51554 /* FirebaseDatabaseSwift */ = {
			isa = XCSwiftPackageProductDependency;
			package = 718F5B202AB9B6CD00E51554 /* XCRemoteSwiftPackageReference "firebase-ios-sdk" */;
			productName = FirebaseDatabaseSwift;
		};
		718F5B272AB9B6CD00E51554 /* FirebaseFirestore */ = {
			isa = XCSwiftPackageProductDependency;
			package = 718F5B202AB9B6CD00E51554 /* XCRemoteSwiftPackageReference "firebase-ios-sdk" */;
			productName = FirebaseFirestore;
		};
/* End XCSwiftPackageProductDependency section */
	};
	rootObject = 718F5AE62AB9B22900E51554 /* Project object */;
}
